
Microsoft Visual Studio Solution File, Format Version 12.00
# Visual Studio 15
VisualStudioVersion = 15.0.28307.1259
MinimumVisualStudioVersion = 10.0.40219.1
Project("{9A19103F-16F7-4668-BE54-9A1E7A4F7556}") = "ProductCms", "ProductCms\ProductCms.csproj", "{14AFC2EF-DF9B-4432-9348-1F306BE2BDA2}"
EndProject
Project("{9A19103F-16F7-4668-BE54-9A1E7A4F7556}") = "ProductCms.Base", "ProductCms.Base\ProductCms.Base.csproj", "{8BCFBAF3-6905-4568-B081-6E99FE8A39B0}"
EndProject
Project("{FAE04EC0-301F-11D3-BF4B-00C04F79EFBC}") = "ProductCms.Data", "ProductCms.Data\ProductCms.Data.csproj", "{BBC2BE35-2C97-44F7-98F6-48B547768706}"
EndProject
Project("{FAE04EC0-301F-11D3-BF4B-00C04F79EFBC}") = "ProductCms.Service", "ProductCms.Service\ProductCms.Service.csproj", "{8543788E-270C-48E3-B425-D6F24755349D}"
EndProject
Project("{FAE04EC0-301F-11D3-BF4B-00C04F79EFBC}") = "ProductCms.UnitTest", "ProductCms.UnitTest\ProductCms.UnitTest.csproj", "{DE7B2D4C-9F2A-4751-A5B6-B62CB65E1783}"
EndProject
Global
	GlobalSection(SolutionConfigurationPlatforms) = preSolution
		Debug|Any CPU = Debug|Any CPU
		Release|Any CPU = Release|Any CPU
	EndGlobalSection
	GlobalSection(ProjectConfigurationPlatforms) = postSolution
		{14AFC2EF-DF9B-4432-9348-1F306BE2BDA2}.Debug|Any CPU.ActiveCfg = Debug|Any CPU
		{14AFC2EF-DF9B-4432-9348-1F306BE2BDA2}.Debug|Any CPU.Build.0 = Debug|Any CPU
		{14AFC2EF-DF9B-4432-9348-1F306BE2BDA2}.Release|Any CPU.ActiveCfg = Release|Any CPU
		{14AFC2EF-DF9B-4432-9348-1F306BE2BDA2}.Release|Any CPU.Build.0 = Release|Any CPU
		{8BCFBAF3-6905-4568-B081-6E99FE8A39B0}.Debug|Any CPU.ActiveCfg = Debug|Any CPU
		{8BCFBAF3-6905-4568-B081-6E99FE8A39B0}.Debug|Any CPU.Build.0 = Debug|Any CPU
		{8BCFBAF3-6905-4568-B081-6E99FE8A39B0}.Release|Any CPU.ActiveCfg = Release|Any CPU
		{8BCFBAF3-6905-4568-B081-6E99FE8A39B0}.Release|Any CPU.Build.0 = Release|Any CPU
		{BBC2BE35-2C97-44F7-98F6-48B547768706}.Debug|Any CPU.ActiveCfg = Debug|Any CPU
		{BBC2BE35-2C97-44F7-98F6-48B547768706}.Debug|Any CPU.Build.0 = Debug|Any CPU
		{BBC2BE35-2C97-44F7-98F6-48B547768706}.Release|Any CPU.ActiveCfg = Release|Any CPU
		{BBC2BE35-2C97-44F7-98F6-48B547768706}.Release|Any CPU.Build.0 = Release|Any CPU
		{8543788E-270C-48E3-B425-D6F24755349D}.Debug|Any CPU.ActiveCfg = Debug|Any CPU
		{8543788E-270C-48E3-B425-D6F24755349D}.Debug|Any CPU.Build.0 = Debug|Any CPU
		{8543788E-270C-48E3-B425-D6F24755349D}.Release|Any CPU.ActiveCfg = Release|Any CPU
		{8543788E-270C-48E3-B425-D6F24755349D}.Release|Any CPU.Build.0 = Release|Any CPU
		{DE7B2D4C-9F2A-4751-A5B6-B62CB65E1783}.Debug|Any CPU.ActiveCfg = Debug|Any CPU
		{DE7B2D4C-9F2A-4751-A5B6-B62CB65E1783}.Debug|Any CPU.Build.0 = Debug|Any CPU
		{DE7B2D4C-9F2A-4751-A5B6-B62CB65E1783}.Release|Any CPU.ActiveCfg = Release|Any CPU
		{DE7B2D4C-9F2A-4751-A5B6-B62CB65E1783}.Release|Any CPU.Build.0 = Release|Any CPU
	EndGlobalSection
	GlobalSection(SolutionProperties) = preSolution
		HideSolutionNode = FALSE
	EndGlobalSection
	GlobalSection(ExtensibilityGlobals) = postSolution
		SolutionGuid = {FEE27AEF-1948-4436-B893-6947E9E8CF52}
	EndGlobalSection
EndGlobal
